
Microsoft Visual Studio Solution File, Format Version 12.00
# Visual Studio Version 17
VisualStudioVersion = 17.0.32112.339
MinimumVisualStudioVersion = 10.0.40219.1
Project("{9A19103F-16F7-4668-BE54-9A1E7A4F7556}") = "BrokerContadorTransbordo", "Application\BrokerContadorTransbordo.csproj", "{D873ED22-2436-4631-8ABB-596B05912B2C}"
EndProject
Project("{9A19103F-16F7-4668-BE54-9A1E7A4F7556}") = "ServiceBus", "ServiceBus\ServiceBus.csproj", "{07ACA67B-8103-420B-AE7C-5C17655F6A9E}"
EndProject
Project("{9A19103F-16F7-4668-BE54-9A1E7A4F7556}") = "Domain", "Domain\Domain.csproj", "{4E59AFA2-FC60-41D0-9D44-870FCB8AFED8}"
EndProject
Project("{9A19103F-16F7-4668-BE54-9A1E7A4F7556}") = "Infra", "Infra\Infra.csproj", "{7CCFEA97-CDDB-49E1-A13B-6BF9B0D3D9FB}"
EndProject
Project("{9A19103F-16F7-4668-BE54-9A1E7A4F7556}") = "Service", "Service\Service.csproj", "{AA9D723D-142C-4CDD-8FEE-17463AB5EA86}"
EndProject
Project("{2150E333-8FDC-42A3-9474-1A3956D46DE8}") = "1 - Application", "1 - Application", "{2BC92087-CA0A-4CBE-B95E-DBDC4D257ADE}"
EndProject
Project("{2150E333-8FDC-42A3-9474-1A3956D46DE8}") = "2 - Infra", "2 - Infra", "{1C10A695-9BEC-4A8D-8568-94677FEC6147}"
EndProject
Project("{2150E333-8FDC-42A3-9474-1A3956D46DE8}") = "3 - Test", "3 - Test", "{4A12A750-B157-46F2-A97D-DB4C2DB7858A}"
EndProject
Project("{2150E333-8FDC-42A3-9474-1A3956D46DE8}") = "5 - Services", "5 - Services", "{54C82F29-A586-4730-85E6-78D1B82E4EE7}"
EndProject
Project("{9A19103F-16F7-4668-BE54-9A1E7A4F7556}") = "Service.Test", "Service.Test\Service.Test.csproj", "{287CB44E-2308-4EBF-8926-507B549442A4}"
EndProject
Project("{9A19103F-16F7-4668-BE54-9A1E7A4F7556}") = "Infra.Test", "Infra.Test\Infra.Test.csproj", "{08590F4D-ED47-41CB-877F-56865C856B91}"
EndProject
Project("{2150E333-8FDC-42A3-9474-1A3956D46DE8}") = "4 - Domain", "4 - Domain", "{3756C7D3-772B-4E0D-A624-15E1809D7264}"
EndProject
Global
	GlobalSection(SolutionConfigurationPlatforms) = preSolution
		Debug|Any CPU = Debug|Any CPU
		Release|Any CPU = Release|Any CPU
	EndGlobalSection
	GlobalSection(ProjectConfigurationPlatforms) = postSolution
		{D873ED22-2436-4631-8ABB-596B05912B2C}.Debug|Any CPU.ActiveCfg = Debug|Any CPU
		{D873ED22-2436-4631-8ABB-596B05912B2C}.Debug|Any CPU.Build.0 = Debug|Any CPU
		{D873ED22-2436-4631-8ABB-596B05912B2C}.Release|Any CPU.ActiveCfg = Release|Any CPU
		{D873ED22-2436-4631-8ABB-596B05912B2C}.Release|Any CPU.Build.0 = Release|Any CPU
		{07ACA67B-8103-420B-AE7C-5C17655F6A9E}.Debug|Any CPU.ActiveCfg = Debug|Any CPU
		{07ACA67B-8103-420B-AE7C-5C17655F6A9E}.Debug|Any CPU.Build.0 = Debug|Any CPU
		{07ACA67B-8103-420B-AE7C-5C17655F6A9E}.Release|Any CPU.ActiveCfg = Release|Any CPU
		{07ACA67B-8103-420B-AE7C-5C17655F6A9E}.Release|Any CPU.Build.0 = Release|Any CPU
		{4E59AFA2-FC60-41D0-9D44-870FCB8AFED8}.Debug|Any CPU.ActiveCfg = Debug|Any CPU
		{4E59AFA2-FC60-41D0-9D44-870FCB8AFED8}.Debug|Any CPU.Build.0 = Debug|Any CPU
		{4E59AFA2-FC60-41D0-9D44-870FCB8AFED8}.Release|Any CPU.ActiveCfg = Release|Any CPU
		{4E59AFA2-FC60-41D0-9D44-870FCB8AFED8}.Release|Any CPU.Build.0 = Release|Any CPU
		{7CCFEA97-CDDB-49E1-A13B-6BF9B0D3D9FB}.Debug|Any CPU.ActiveCfg = Debug|Any CPU
		{7CCFEA97-CDDB-49E1-A13B-6BF9B0D3D9FB}.Debug|Any CPU.Build.0 = Debug|Any CPU
		{7CCFEA97-CDDB-49E1-A13B-6BF9B0D3D9FB}.Release|Any CPU.ActiveCfg = Release|Any CPU
		{7CCFEA97-CDDB-49E1-A13B-6BF9B0D3D9FB}.Release|Any CPU.Build.0 = Release|Any CPU
		{AA9D723D-142C-4CDD-8FEE-17463AB5EA86}.Debug|Any CPU.ActiveCfg = Debug|Any CPU
		{AA9D723D-142C-4CDD-8FEE-17463AB5EA86}.Debug|Any CPU.Build.0 = Debug|Any CPU
		{AA9D723D-142C-4CDD-8FEE-17463AB5EA86}.Release|Any CPU.ActiveCfg = Release|Any CPU
		{AA9D723D-142C-4CDD-8FEE-17463AB5EA86}.Release|Any CPU.Build.0 = Release|Any CPU
		{287CB44E-2308-4EBF-8926-507B549442A4}.Debug|Any CPU.ActiveCfg = Debug|Any CPU
		{287CB44E-2308-4EBF-8926-507B549442A4}.Debug|Any CPU.Build.0 = Debug|Any CPU
		{287CB44E-2308-4EBF-8926-507B549442A4}.Release|Any CPU.ActiveCfg = Release|Any CPU
		{287CB44E-2308-4EBF-8926-507B549442A4}.Release|Any CPU.Build.0 = Release|Any CPU
		{08590F4D-ED47-41CB-877F-56865C856B91}.Debug|Any CPU.ActiveCfg = Debug|Any CPU
		{08590F4D-ED47-41CB-877F-56865C856B91}.Debug|Any CPU.Build.0 = Debug|Any CPU
		{08590F4D-ED47-41CB-877F-56865C856B91}.Release|Any CPU.ActiveCfg = Release|Any CPU
		{08590F4D-ED47-41CB-877F-56865C856B91}.Release|Any CPU.Build.0 = Release|Any CPU
	EndGlobalSection
	GlobalSection(SolutionProperties) = preSolution
		HideSolutionNode = FALSE
	EndGlobalSection
	GlobalSection(NestedProjects) = preSolution
		{D873ED22-2436-4631-8ABB-596B05912B2C} = {2BC92087-CA0A-4CBE-B95E-DBDC4D257ADE}
		{07ACA67B-8103-420B-AE7C-5C17655F6A9E} = {54C82F29-A586-4730-85E6-78D1B82E4EE7}
		{4E59AFA2-FC60-41D0-9D44-870FCB8AFED8} = {3756C7D3-772B-4E0D-A624-15E1809D7264}
		{7CCFEA97-CDDB-49E1-A13B-6BF9B0D3D9FB} = {1C10A695-9BEC-4A8D-8568-94677FEC6147}
		{AA9D723D-142C-4CDD-8FEE-17463AB5EA86} = {54C82F29-A586-4730-85E6-78D1B82E4EE7}
		{287CB44E-2308-4EBF-8926-507B549442A4} = {4A12A750-B157-46F2-A97D-DB4C2DB7858A}
		{08590F4D-ED47-41CB-877F-56865C856B91} = {4A12A750-B157-46F2-A97D-DB4C2DB7858A}
	EndGlobalSection
	GlobalSection(ExtensibilityGlobals) = postSolution
		SolutionGuid = {6C8032D1-F352-4B3B-A746-12CCDA8395DC}
	EndGlobalSection
EndGlobal
